
Microsoft Visual Studio Solution File, Format Version 12.00
# Visual Studio Version 17
VisualStudioVersion = 17.7.34003.232
MinimumVisualStudioVersion = 10.0.40219.1
Project("{FAE04EC0-301F-11D3-BF4B-00C04F79EFBC}") = "01", "01\01.csproj", "{B90C5C99-CEAF-406A-9369-D2538F624E30}"
EndProject
Project("{FAE04EC0-301F-11D3-BF4B-00C04F79EFBC}") = "02", "02\02.csproj", "{B040AF91-873F-49FC-9F77-6F2F4404F807}"
EndProject
Project("{FAE04EC0-301F-11D3-BF4B-00C04F79EFBC}") = "03", "03\03.csproj", "{78CDFBA7-75DC-477C-8243-9F88AD2D7052}"
EndProject
Global
	GlobalSection(SolutionConfigurationPlatforms) = preSolution
		Debug|Any CPU = Debug|Any CPU
		Release|Any CPU = Release|Any CPU
	EndGlobalSection
	GlobalSection(ProjectConfigurationPlatforms) = postSolution
		{B90C5C99-CEAF-406A-9369-D2538F624E30}.Debug|Any CPU.ActiveCfg = Debug|Any CPU
		{B90C5C99-CEAF-406A-9369-D2538F624E30}.Debug|Any CPU.Build.0 = Debug|Any CPU
		{B90C5C99-CEAF-406A-9369-D2538F624E30}.Release|Any CPU.ActiveCfg = Release|Any CPU
		{B90C5C99-CEAF-406A-9369-D2538F624E30}.Release|Any CPU.Build.0 = Release|Any CPU
		{B040AF91-873F-49FC-9F77-6F2F4404F807}.Debug|Any CPU.ActiveCfg = Debug|Any CPU
		{B040AF91-873F-49FC-9F77-6F2F4404F807}.Debug|Any CPU.Build.0 = Debug|Any CPU
		{B040AF91-873F-49FC-9F77-6F2F4404F807}.Release|Any CPU.ActiveCfg = Release|Any CPU
		{B040AF91-873F-49FC-9F77-6F2F4404F807}.Release|Any CPU.Build.0 = Release|Any CPU
		{78CDFBA7-75DC-477C-8243-9F88AD2D7052}.Debug|Any CPU.ActiveCfg = Debug|Any CPU
		{78CDFBA7-75DC-477C-8243-9F88AD2D7052}.Debug|Any CPU.Build.0 = Debug|Any CPU
		{78CDFBA7-75DC-477C-8243-9F88AD2D7052}.Release|Any CPU.ActiveCfg = Release|Any CPU
		{78CDFBA7-75DC-477C-8243-9F88AD2D7052}.Release|Any CPU.Build.0 = Release|Any CPU
	EndGlobalSection
	GlobalSection(SolutionProperties) = preSolution
		HideSolutionNode = FALSE
	EndGlobalSection
	GlobalSection(ExtensibilityGlobals) = postSolution
		SolutionGuid = {2F7B3107-C7EE-4B68-AB21-7FDD39FFA8D6}
	EndGlobalSection
EndGlobal
