
Microsoft Visual Studio Solution File, Format Version 12.00
# Visual Studio Version 17
VisualStudioVersion = 17.7.34202.233
MinimumVisualStudioVersion = 10.0.40219.1
Project("{9A19103F-16F7-4668-BE54-9A1E7A4F7556}") = "01", "01\01.csproj", "{EAB9A9AD-7EB4-46F4-A008-B9501C62EEA5}"
EndProject
Project("{FAE04EC0-301F-11D3-BF4B-00C04F79EFBC}") = "02", "02\02.csproj", "{9FE05F21-E17C-4F51-9427-0F991BC5CDAF}"
EndProject
Global
	GlobalSection(SolutionConfigurationPlatforms) = preSolution
		Debug|Any CPU = Debug|Any CPU
		Release|Any CPU = Release|Any CPU
	EndGlobalSection
	GlobalSection(ProjectConfigurationPlatforms) = postSolution
		{EAB9A9AD-7EB4-46F4-A008-B9501C62EEA5}.Debug|Any CPU.ActiveCfg = Debug|Any CPU
		{EAB9A9AD-7EB4-46F4-A008-B9501C62EEA5}.Debug|Any CPU.Build.0 = Debug|Any CPU
		{EAB9A9AD-7EB4-46F4-A008-B9501C62EEA5}.Release|Any CPU.ActiveCfg = Release|Any CPU
		{EAB9A9AD-7EB4-46F4-A008-B9501C62EEA5}.Release|Any CPU.Build.0 = Release|Any CPU
		{9FE05F21-E17C-4F51-9427-0F991BC5CDAF}.Debug|Any CPU.ActiveCfg = Debug|Any CPU
		{9FE05F21-E17C-4F51-9427-0F991BC5CDAF}.Debug|Any CPU.Build.0 = Debug|Any CPU
		{9FE05F21-E17C-4F51-9427-0F991BC5CDAF}.Release|Any CPU.ActiveCfg = Release|Any CPU
		{9FE05F21-E17C-4F51-9427-0F991BC5CDAF}.Release|Any CPU.Build.0 = Release|Any CPU
	EndGlobalSection
	GlobalSection(SolutionProperties) = preSolution
		HideSolutionNode = FALSE
	EndGlobalSection
	GlobalSection(ExtensibilityGlobals) = postSolution
		SolutionGuid = {2BBF8E6F-8D77-4386-931F-17977BB92F82}
	EndGlobalSection
EndGlobal
