
Microsoft Visual Studio Solution File, Format Version 12.00
# Visual Studio Version 17
VisualStudioVersion = 17.8.34309.116
MinimumVisualStudioVersion = 10.0.40219.1
Project("{FAE04EC0-301F-11D3-BF4B-00C04F79EFBC}") = "Gyumolcsos", "Gyumolcsos\Gyumolcsos.csproj", "{2658A1A8-68FE-42C4-8689-E73DFF8A8230}"
EndProject
Global
	GlobalSection(SolutionConfigurationPlatforms) = preSolution
		Debug|Any CPU = Debug|Any CPU
		Release|Any CPU = Release|Any CPU
	EndGlobalSection
	GlobalSection(ProjectConfigurationPlatforms) = postSolution
		{2658A1A8-68FE-42C4-8689-E73DFF8A8230}.Debug|Any CPU.ActiveCfg = Debug|Any CPU
		{2658A1A8-68FE-42C4-8689-E73DFF8A8230}.Debug|Any CPU.Build.0 = Debug|Any CPU
		{2658A1A8-68FE-42C4-8689-E73DFF8A8230}.Release|Any CPU.ActiveCfg = Release|Any CPU
		{2658A1A8-68FE-42C4-8689-E73DFF8A8230}.Release|Any CPU.Build.0 = Release|Any CPU
	EndGlobalSection
	GlobalSection(SolutionProperties) = preSolution
		HideSolutionNode = FALSE
	EndGlobalSection
	GlobalSection(ExtensibilityGlobals) = postSolution
		SolutionGuid = {4A7FAAF4-6AF7-4CD0-BC29-EA1B11F88361}
	EndGlobalSection
EndGlobal
