
Microsoft Visual Studio Solution File, Format Version 12.00
# Visual Studio Version 17
VisualStudioVersion = 17.8.34309.116
MinimumVisualStudioVersion = 10.0.40219.1
Project("{9A19103F-16F7-4668-BE54-9A1E7A4F7556}") = "01", "01\01.csproj", "{46CF3B4D-4D68-4792-8951-73FBC1ECFB38}"
EndProject
Project("{FAE04EC0-301F-11D3-BF4B-00C04F79EFBC}") = "02", "02\02.csproj", "{96B2D1D2-C29B-422E-9A98-C5880D44204C}"
EndProject
Project("{FAE04EC0-301F-11D3-BF4B-00C04F79EFBC}") = "03", "03\03.csproj", "{5C1FCC18-2AB3-43F1-A3FC-588C0BEF03C7}"
EndProject
Global
	GlobalSection(SolutionConfigurationPlatforms) = preSolution
		Debug|Any CPU = Debug|Any CPU
		Release|Any CPU = Release|Any CPU
	EndGlobalSection
	GlobalSection(ProjectConfigurationPlatforms) = postSolution
		{46CF3B4D-4D68-4792-8951-73FBC1ECFB38}.Debug|Any CPU.ActiveCfg = Debug|Any CPU
		{46CF3B4D-4D68-4792-8951-73FBC1ECFB38}.Debug|Any CPU.Build.0 = Debug|Any CPU
		{46CF3B4D-4D68-4792-8951-73FBC1ECFB38}.Release|Any CPU.ActiveCfg = Release|Any CPU
		{46CF3B4D-4D68-4792-8951-73FBC1ECFB38}.Release|Any CPU.Build.0 = Release|Any CPU
		{96B2D1D2-C29B-422E-9A98-C5880D44204C}.Debug|Any CPU.ActiveCfg = Debug|Any CPU
		{96B2D1D2-C29B-422E-9A98-C5880D44204C}.Debug|Any CPU.Build.0 = Debug|Any CPU
		{96B2D1D2-C29B-422E-9A98-C5880D44204C}.Release|Any CPU.ActiveCfg = Release|Any CPU
		{96B2D1D2-C29B-422E-9A98-C5880D44204C}.Release|Any CPU.Build.0 = Release|Any CPU
		{5C1FCC18-2AB3-43F1-A3FC-588C0BEF03C7}.Debug|Any CPU.ActiveCfg = Debug|Any CPU
		{5C1FCC18-2AB3-43F1-A3FC-588C0BEF03C7}.Debug|Any CPU.Build.0 = Debug|Any CPU
		{5C1FCC18-2AB3-43F1-A3FC-588C0BEF03C7}.Release|Any CPU.ActiveCfg = Release|Any CPU
		{5C1FCC18-2AB3-43F1-A3FC-588C0BEF03C7}.Release|Any CPU.Build.0 = Release|Any CPU
	EndGlobalSection
	GlobalSection(SolutionProperties) = preSolution
		HideSolutionNode = FALSE
	EndGlobalSection
	GlobalSection(ExtensibilityGlobals) = postSolution
		SolutionGuid = {EC3878CF-8672-43A8-85D7-C0A3277627BC}
	EndGlobalSection
EndGlobal
