
Microsoft Visual Studio Solution File, Format Version 12.00
# Visual Studio Version 17
VisualStudioVersion = 17.9.34622.214
MinimumVisualStudioVersion = 10.0.40219.1
Project("{FAE04EC0-301F-11D3-BF4B-00C04F79EFBC}") = "Varosok_NZ", "Varosok_NZ\Varosok_NZ.csproj", "{4AF599E9-2676-4C45-8441-66392775512A}"
EndProject
Project("{FAE04EC0-301F-11D3-BF4B-00C04F79EFBC}") = "Varosok_Lib", "Varosok_Lib\Varosok_Lib.csproj", "{4BD987AA-5730-4CB0-836E-55B5EB796C84}"
EndProject
Global
	GlobalSection(SolutionConfigurationPlatforms) = preSolution
		Debug|Any CPU = Debug|Any CPU
		Release|Any CPU = Release|Any CPU
	EndGlobalSection
	GlobalSection(ProjectConfigurationPlatforms) = postSolution
		{4AF599E9-2676-4C45-8441-66392775512A}.Debug|Any CPU.ActiveCfg = Debug|Any CPU
		{4AF599E9-2676-4C45-8441-66392775512A}.Debug|Any CPU.Build.0 = Debug|Any CPU
		{4AF599E9-2676-4C45-8441-66392775512A}.Release|Any CPU.ActiveCfg = Release|Any CPU
		{4AF599E9-2676-4C45-8441-66392775512A}.Release|Any CPU.Build.0 = Release|Any CPU
		{4BD987AA-5730-4CB0-836E-55B5EB796C84}.Debug|Any CPU.ActiveCfg = Debug|Any CPU
		{4BD987AA-5730-4CB0-836E-55B5EB796C84}.Debug|Any CPU.Build.0 = Debug|Any CPU
		{4BD987AA-5730-4CB0-836E-55B5EB796C84}.Release|Any CPU.ActiveCfg = Release|Any CPU
		{4BD987AA-5730-4CB0-836E-55B5EB796C84}.Release|Any CPU.Build.0 = Release|Any CPU
	EndGlobalSection
	GlobalSection(SolutionProperties) = preSolution
		HideSolutionNode = FALSE
	EndGlobalSection
	GlobalSection(ExtensibilityGlobals) = postSolution
		SolutionGuid = {C39903E1-6C87-4414-B6FE-147D6FBE8392}
	EndGlobalSection
EndGlobal
