
Microsoft Visual Studio Solution File, Format Version 12.00
Project("{FAE04EC0-301F-11D3-BF4B-00C04F79EFBC}") = "Snooker_NZ", "Snooker_NZ\Snooker_NZ.csproj", "{068F51A1-F5DD-4987-A919-8CC5E08DE131}"
EndProject
Project("{FAE04EC0-301F-11D3-BF4B-00C04F79EFBC}") = "Snooker_Lib", "Snooker_Lib\Snooker_Lib.csproj", "{2B68C9C5-DAF7-488A-8AF0-A38AEEB242FB}"
EndProject
Global
	GlobalSection(SolutionConfigurationPlatforms) = preSolution
		Debug|Any CPU = Debug|Any CPU
		Release|Any CPU = Release|Any CPU
	EndGlobalSection
	GlobalSection(ProjectConfigurationPlatforms) = postSolution
		{068F51A1-F5DD-4987-A919-8CC5E08DE131}.Debug|Any CPU.ActiveCfg = Debug|Any CPU
		{068F51A1-F5DD-4987-A919-8CC5E08DE131}.Debug|Any CPU.Build.0 = Debug|Any CPU
		{068F51A1-F5DD-4987-A919-8CC5E08DE131}.Release|Any CPU.ActiveCfg = Release|Any CPU
		{068F51A1-F5DD-4987-A919-8CC5E08DE131}.Release|Any CPU.Build.0 = Release|Any CPU
		{2B68C9C5-DAF7-488A-8AF0-A38AEEB242FB}.Debug|Any CPU.ActiveCfg = Debug|Any CPU
		{2B68C9C5-DAF7-488A-8AF0-A38AEEB242FB}.Debug|Any CPU.Build.0 = Debug|Any CPU
		{2B68C9C5-DAF7-488A-8AF0-A38AEEB242FB}.Release|Any CPU.ActiveCfg = Release|Any CPU
		{2B68C9C5-DAF7-488A-8AF0-A38AEEB242FB}.Release|Any CPU.Build.0 = Release|Any CPU
	EndGlobalSection
EndGlobal
