
Microsoft Visual Studio Solution File, Format Version 12.00
# Visual Studio Version 17
VisualStudioVersion = 17.9.34622.214
MinimumVisualStudioVersion = 10.0.40219.1
Project("{9A19103F-16F7-4668-BE54-9A1E7A4F7556}") = "01", "01\01.csproj", "{2923DD22-5908-4514-9EF2-85867378E51C}"
EndProject
Project("{9A19103F-16F7-4668-BE54-9A1E7A4F7556}") = "02", "02\02.csproj", "{75206F7F-D7B5-48DF-837A-F3D2A66FF064}"
EndProject
Project("{FAE04EC0-301F-11D3-BF4B-00C04F79EFBC}") = "03", "03\03.csproj", "{A07DBEC8-FFBB-48D8-B421-6E3E3E385682}"
EndProject
Global
	GlobalSection(SolutionConfigurationPlatforms) = preSolution
		Debug|Any CPU = Debug|Any CPU
		Release|Any CPU = Release|Any CPU
	EndGlobalSection
	GlobalSection(ProjectConfigurationPlatforms) = postSolution
		{2923DD22-5908-4514-9EF2-85867378E51C}.Debug|Any CPU.ActiveCfg = Debug|Any CPU
		{2923DD22-5908-4514-9EF2-85867378E51C}.Debug|Any CPU.Build.0 = Debug|Any CPU
		{2923DD22-5908-4514-9EF2-85867378E51C}.Release|Any CPU.ActiveCfg = Release|Any CPU
		{2923DD22-5908-4514-9EF2-85867378E51C}.Release|Any CPU.Build.0 = Release|Any CPU
		{75206F7F-D7B5-48DF-837A-F3D2A66FF064}.Debug|Any CPU.ActiveCfg = Debug|Any CPU
		{75206F7F-D7B5-48DF-837A-F3D2A66FF064}.Debug|Any CPU.Build.0 = Debug|Any CPU
		{75206F7F-D7B5-48DF-837A-F3D2A66FF064}.Release|Any CPU.ActiveCfg = Release|Any CPU
		{75206F7F-D7B5-48DF-837A-F3D2A66FF064}.Release|Any CPU.Build.0 = Release|Any CPU
		{A07DBEC8-FFBB-48D8-B421-6E3E3E385682}.Debug|Any CPU.ActiveCfg = Debug|Any CPU
		{A07DBEC8-FFBB-48D8-B421-6E3E3E385682}.Debug|Any CPU.Build.0 = Debug|Any CPU
		{A07DBEC8-FFBB-48D8-B421-6E3E3E385682}.Release|Any CPU.ActiveCfg = Release|Any CPU
		{A07DBEC8-FFBB-48D8-B421-6E3E3E385682}.Release|Any CPU.Build.0 = Release|Any CPU
	EndGlobalSection
	GlobalSection(SolutionProperties) = preSolution
		HideSolutionNode = FALSE
	EndGlobalSection
	GlobalSection(ExtensibilityGlobals) = postSolution
		SolutionGuid = {E11AB4E2-A5D4-44F7-BD1C-BE64C84EC6B5}
	EndGlobalSection
EndGlobal
