
Microsoft Visual Studio Solution File, Format Version 12.00
# Visual Studio Version 17
VisualStudioVersion = 17.7.34003.232
MinimumVisualStudioVersion = 10.0.40219.1
Project("{9A19103F-16F7-4668-BE54-9A1E7A4F7556}") = "01", "01\01.csproj", "{3675EEB7-C207-4F23-8B82-FFF5CE5A68CD}"
EndProject
Project("{9A19103F-16F7-4668-BE54-9A1E7A4F7556}") = "02", "02\02.csproj", "{8F2889B2-35F8-4221-8C13-F4784AFDAD6A}"
EndProject
Project("{9A19103F-16F7-4668-BE54-9A1E7A4F7556}") = "03", "03\03.csproj", "{E05D3A85-C83F-46DC-A116-77DCAE551B19}"
EndProject
Project("{9A19103F-16F7-4668-BE54-9A1E7A4F7556}") = "04", "04\04.csproj", "{7AEA42CA-3225-4CF2-B58B-F294BBA07C22}"
EndProject
Project("{9A19103F-16F7-4668-BE54-9A1E7A4F7556}") = "05", "05\05.csproj", "{9B1FB5CD-37B6-4D28-9AC2-9E4619D33014}"
EndProject
Project("{9A19103F-16F7-4668-BE54-9A1E7A4F7556}") = "06", "06\06.csproj", "{724CDC72-A419-4FAB-B31F-624CAE61D533}"
EndProject
Project("{FAE04EC0-301F-11D3-BF4B-00C04F79EFBC}") = "07", "07\07.csproj", "{DB55FD9F-07D8-40D9-9E15-BC1F1D51310B}"
EndProject
Project("{FAE04EC0-301F-11D3-BF4B-00C04F79EFBC}") = "08", "08\08.csproj", "{B3BDA8FE-C9B5-4FCF-9813-46696248067A}"
EndProject
Project("{FAE04EC0-301F-11D3-BF4B-00C04F79EFBC}") = "09", "09\09.csproj", "{FD2A6812-7D25-421D-AF91-45FF69C964D2}"
EndProject
Project("{FAE04EC0-301F-11D3-BF4B-00C04F79EFBC}") = "10", "10\10.csproj", "{25CD1F3C-743C-4C32-893A-3A38FD62D497}"
EndProject
Global
	GlobalSection(SolutionConfigurationPlatforms) = preSolution
		Debug|Any CPU = Debug|Any CPU
		Release|Any CPU = Release|Any CPU
	EndGlobalSection
	GlobalSection(ProjectConfigurationPlatforms) = postSolution
		{3675EEB7-C207-4F23-8B82-FFF5CE5A68CD}.Debug|Any CPU.ActiveCfg = Debug|Any CPU
		{3675EEB7-C207-4F23-8B82-FFF5CE5A68CD}.Debug|Any CPU.Build.0 = Debug|Any CPU
		{3675EEB7-C207-4F23-8B82-FFF5CE5A68CD}.Release|Any CPU.ActiveCfg = Release|Any CPU
		{3675EEB7-C207-4F23-8B82-FFF5CE5A68CD}.Release|Any CPU.Build.0 = Release|Any CPU
		{8F2889B2-35F8-4221-8C13-F4784AFDAD6A}.Debug|Any CPU.ActiveCfg = Debug|Any CPU
		{8F2889B2-35F8-4221-8C13-F4784AFDAD6A}.Debug|Any CPU.Build.0 = Debug|Any CPU
		{8F2889B2-35F8-4221-8C13-F4784AFDAD6A}.Release|Any CPU.ActiveCfg = Release|Any CPU
		{8F2889B2-35F8-4221-8C13-F4784AFDAD6A}.Release|Any CPU.Build.0 = Release|Any CPU
		{E05D3A85-C83F-46DC-A116-77DCAE551B19}.Debug|Any CPU.ActiveCfg = Debug|Any CPU
		{E05D3A85-C83F-46DC-A116-77DCAE551B19}.Debug|Any CPU.Build.0 = Debug|Any CPU
		{E05D3A85-C83F-46DC-A116-77DCAE551B19}.Release|Any CPU.ActiveCfg = Release|Any CPU
		{E05D3A85-C83F-46DC-A116-77DCAE551B19}.Release|Any CPU.Build.0 = Release|Any CPU
		{7AEA42CA-3225-4CF2-B58B-F294BBA07C22}.Debug|Any CPU.ActiveCfg = Debug|Any CPU
		{7AEA42CA-3225-4CF2-B58B-F294BBA07C22}.Debug|Any CPU.Build.0 = Debug|Any CPU
		{7AEA42CA-3225-4CF2-B58B-F294BBA07C22}.Release|Any CPU.ActiveCfg = Release|Any CPU
		{7AEA42CA-3225-4CF2-B58B-F294BBA07C22}.Release|Any CPU.Build.0 = Release|Any CPU
		{9B1FB5CD-37B6-4D28-9AC2-9E4619D33014}.Debug|Any CPU.ActiveCfg = Debug|Any CPU
		{9B1FB5CD-37B6-4D28-9AC2-9E4619D33014}.Debug|Any CPU.Build.0 = Debug|Any CPU
		{9B1FB5CD-37B6-4D28-9AC2-9E4619D33014}.Release|Any CPU.ActiveCfg = Release|Any CPU
		{9B1FB5CD-37B6-4D28-9AC2-9E4619D33014}.Release|Any CPU.Build.0 = Release|Any CPU
		{724CDC72-A419-4FAB-B31F-624CAE61D533}.Debug|Any CPU.ActiveCfg = Debug|Any CPU
		{724CDC72-A419-4FAB-B31F-624CAE61D533}.Debug|Any CPU.Build.0 = Debug|Any CPU
		{724CDC72-A419-4FAB-B31F-624CAE61D533}.Release|Any CPU.ActiveCfg = Release|Any CPU
		{724CDC72-A419-4FAB-B31F-624CAE61D533}.Release|Any CPU.Build.0 = Release|Any CPU
		{DB55FD9F-07D8-40D9-9E15-BC1F1D51310B}.Debug|Any CPU.ActiveCfg = Debug|Any CPU
		{DB55FD9F-07D8-40D9-9E15-BC1F1D51310B}.Debug|Any CPU.Build.0 = Debug|Any CPU
		{DB55FD9F-07D8-40D9-9E15-BC1F1D51310B}.Release|Any CPU.ActiveCfg = Release|Any CPU
		{DB55FD9F-07D8-40D9-9E15-BC1F1D51310B}.Release|Any CPU.Build.0 = Release|Any CPU
		{B3BDA8FE-C9B5-4FCF-9813-46696248067A}.Debug|Any CPU.ActiveCfg = Debug|Any CPU
		{B3BDA8FE-C9B5-4FCF-9813-46696248067A}.Debug|Any CPU.Build.0 = Debug|Any CPU
		{B3BDA8FE-C9B5-4FCF-9813-46696248067A}.Release|Any CPU.ActiveCfg = Release|Any CPU
		{B3BDA8FE-C9B5-4FCF-9813-46696248067A}.Release|Any CPU.Build.0 = Release|Any CPU
		{FD2A6812-7D25-421D-AF91-45FF69C964D2}.Debug|Any CPU.ActiveCfg = Debug|Any CPU
		{FD2A6812-7D25-421D-AF91-45FF69C964D2}.Debug|Any CPU.Build.0 = Debug|Any CPU
		{FD2A6812-7D25-421D-AF91-45FF69C964D2}.Release|Any CPU.ActiveCfg = Release|Any CPU
		{FD2A6812-7D25-421D-AF91-45FF69C964D2}.Release|Any CPU.Build.0 = Release|Any CPU
		{25CD1F3C-743C-4C32-893A-3A38FD62D497}.Debug|Any CPU.ActiveCfg = Debug|Any CPU
		{25CD1F3C-743C-4C32-893A-3A38FD62D497}.Debug|Any CPU.Build.0 = Debug|Any CPU
		{25CD1F3C-743C-4C32-893A-3A38FD62D497}.Release|Any CPU.ActiveCfg = Release|Any CPU
		{25CD1F3C-743C-4C32-893A-3A38FD62D497}.Release|Any CPU.Build.0 = Release|Any CPU
	EndGlobalSection
	GlobalSection(SolutionProperties) = preSolution
		HideSolutionNode = FALSE
	EndGlobalSection
	GlobalSection(ExtensibilityGlobals) = postSolution
		SolutionGuid = {BBD3040D-58A1-4683-8EAB-604313B72AE5}
	EndGlobalSection
EndGlobal
