
Microsoft Visual Studio Solution File, Format Version 12.00
# Visual Studio Version 17
VisualStudioVersion = 17.7.34003.232
MinimumVisualStudioVersion = 10.0.40219.1
Project("{9A19103F-16F7-4668-BE54-9A1E7A4F7556}") = "FajlTomb", "FajlTomb\FajlTomb.csproj", "{B455B310-B7DE-49BC-A244-123F48EBA410}"
EndProject
Global
	GlobalSection(SolutionConfigurationPlatforms) = preSolution
		Debug|Any CPU = Debug|Any CPU
		Release|Any CPU = Release|Any CPU
	EndGlobalSection
	GlobalSection(ProjectConfigurationPlatforms) = postSolution
		{B455B310-B7DE-49BC-A244-123F48EBA410}.Debug|Any CPU.ActiveCfg = Debug|Any CPU
		{B455B310-B7DE-49BC-A244-123F48EBA410}.Debug|Any CPU.Build.0 = Debug|Any CPU
		{B455B310-B7DE-49BC-A244-123F48EBA410}.Release|Any CPU.ActiveCfg = Release|Any CPU
		{B455B310-B7DE-49BC-A244-123F48EBA410}.Release|Any CPU.Build.0 = Release|Any CPU
	EndGlobalSection
	GlobalSection(SolutionProperties) = preSolution
		HideSolutionNode = FALSE
	EndGlobalSection
	GlobalSection(ExtensibilityGlobals) = postSolution
		SolutionGuid = {BD95911C-2566-456D-AA03-F0CA9AB55B36}
	EndGlobalSection
EndGlobal
