
Microsoft Visual Studio Solution File, Format Version 12.00
# Visual Studio Version 17
VisualStudioVersion = 17.8.34309.116
MinimumVisualStudioVersion = 10.0.40219.1
Project("{FAE04EC0-301F-11D3-BF4B-00C04F79EFBC}") = "ScoobyDoo", "ScoobyDoo\ScoobyDoo.csproj", "{F417B6CF-D66F-4AC7-A80D-AD0F0AEF5B43}"
EndProject
Global
	GlobalSection(SolutionConfigurationPlatforms) = preSolution
		Debug|Any CPU = Debug|Any CPU
		Release|Any CPU = Release|Any CPU
	EndGlobalSection
	GlobalSection(ProjectConfigurationPlatforms) = postSolution
		{F417B6CF-D66F-4AC7-A80D-AD0F0AEF5B43}.Debug|Any CPU.ActiveCfg = Debug|Any CPU
		{F417B6CF-D66F-4AC7-A80D-AD0F0AEF5B43}.Debug|Any CPU.Build.0 = Debug|Any CPU
		{F417B6CF-D66F-4AC7-A80D-AD0F0AEF5B43}.Release|Any CPU.ActiveCfg = Release|Any CPU
		{F417B6CF-D66F-4AC7-A80D-AD0F0AEF5B43}.Release|Any CPU.Build.0 = Release|Any CPU
	EndGlobalSection
	GlobalSection(SolutionProperties) = preSolution
		HideSolutionNode = FALSE
	EndGlobalSection
	GlobalSection(ExtensibilityGlobals) = postSolution
		SolutionGuid = {84B3A5FE-AA01-4356-BC91-52F8B7B9FC73}
	EndGlobalSection
EndGlobal
