
Microsoft Visual Studio Solution File, Format Version 12.00
# Visual Studio Version 17
VisualStudioVersion = 17.7.34024.191
MinimumVisualStudioVersion = 10.0.40219.1
Project("{FAE04EC0-301F-11D3-BF4B-00C04F79EFBC}") = "Szekvencia", "Szekvencia\Szekvencia.csproj", "{049FC310-ECB5-42A5-B419-C10B805C7C20}"
EndProject
Global
	GlobalSection(SolutionConfigurationPlatforms) = preSolution
		Debug|Any CPU = Debug|Any CPU
		Release|Any CPU = Release|Any CPU
	EndGlobalSection
	GlobalSection(ProjectConfigurationPlatforms) = postSolution
		{049FC310-ECB5-42A5-B419-C10B805C7C20}.Debug|Any CPU.ActiveCfg = Debug|Any CPU
		{049FC310-ECB5-42A5-B419-C10B805C7C20}.Debug|Any CPU.Build.0 = Debug|Any CPU
		{049FC310-ECB5-42A5-B419-C10B805C7C20}.Release|Any CPU.ActiveCfg = Release|Any CPU
		{049FC310-ECB5-42A5-B419-C10B805C7C20}.Release|Any CPU.Build.0 = Release|Any CPU
	EndGlobalSection
	GlobalSection(SolutionProperties) = preSolution
		HideSolutionNode = FALSE
	EndGlobalSection
	GlobalSection(ExtensibilityGlobals) = postSolution
		SolutionGuid = {8E44DBE4-0865-4A89-A67B-72E790F00D0B}
	EndGlobalSection
EndGlobal
