
Microsoft Visual Studio Solution File, Format Version 12.00
# Visual Studio Version 17
VisualStudioVersion = 17.9.34622.214
MinimumVisualStudioVersion = 10.0.40219.1
Project("{9A19103F-16F7-4668-BE54-9A1E7A4F7556}") = "Hegyek_NZ", "Hegyek_NZ\Hegyek_NZ.csproj", "{345E32BE-B0F2-45E5-9669-716850E727DE}"
EndProject
Project("{9A19103F-16F7-4668-BE54-9A1E7A4F7556}") = "Hegyek_Lib", "Hegyek_Lib\Hegyek_Lib.csproj", "{0550189E-EDD8-47FD-8169-79B95FFF02A6}"
EndProject
Global
	GlobalSection(SolutionConfigurationPlatforms) = preSolution
		Debug|Any CPU = Debug|Any CPU
		Release|Any CPU = Release|Any CPU
	EndGlobalSection
	GlobalSection(ProjectConfigurationPlatforms) = postSolution
		{345E32BE-B0F2-45E5-9669-716850E727DE}.Debug|Any CPU.ActiveCfg = Debug|Any CPU
		{345E32BE-B0F2-45E5-9669-716850E727DE}.Debug|Any CPU.Build.0 = Debug|Any CPU
		{345E32BE-B0F2-45E5-9669-716850E727DE}.Release|Any CPU.ActiveCfg = Release|Any CPU
		{345E32BE-B0F2-45E5-9669-716850E727DE}.Release|Any CPU.Build.0 = Release|Any CPU
		{0550189E-EDD8-47FD-8169-79B95FFF02A6}.Debug|Any CPU.ActiveCfg = Debug|Any CPU
		{0550189E-EDD8-47FD-8169-79B95FFF02A6}.Debug|Any CPU.Build.0 = Debug|Any CPU
		{0550189E-EDD8-47FD-8169-79B95FFF02A6}.Release|Any CPU.ActiveCfg = Release|Any CPU
		{0550189E-EDD8-47FD-8169-79B95FFF02A6}.Release|Any CPU.Build.0 = Release|Any CPU
	EndGlobalSection
	GlobalSection(SolutionProperties) = preSolution
		HideSolutionNode = FALSE
	EndGlobalSection
	GlobalSection(ExtensibilityGlobals) = postSolution
		SolutionGuid = {EE5B4638-B1FE-4516-A289-71B964C97B31}
	EndGlobalSection
EndGlobal
