
Microsoft Visual Studio Solution File, Format Version 12.00
Project("{FAE04EC0-301F-11D3-BF4B-00C04F79EFBC}") = "Banyato", "Banyato\Banyato.csproj", "{D7424EBB-AA4A-4C12-A960-DB85C9311FFC}"
EndProject
Global
	GlobalSection(SolutionConfigurationPlatforms) = preSolution
		Debug|Any CPU = Debug|Any CPU
		Release|Any CPU = Release|Any CPU
	EndGlobalSection
	GlobalSection(ProjectConfigurationPlatforms) = postSolution
		{D7424EBB-AA4A-4C12-A960-DB85C9311FFC}.Debug|Any CPU.ActiveCfg = Debug|Any CPU
		{D7424EBB-AA4A-4C12-A960-DB85C9311FFC}.Debug|Any CPU.Build.0 = Debug|Any CPU
		{D7424EBB-AA4A-4C12-A960-DB85C9311FFC}.Release|Any CPU.ActiveCfg = Release|Any CPU
		{D7424EBB-AA4A-4C12-A960-DB85C9311FFC}.Release|Any CPU.Build.0 = Release|Any CPU
	EndGlobalSection
EndGlobal
