
Microsoft Visual Studio Solution File, Format Version 12.00
Project("{FAE04EC0-301F-11D3-BF4B-00C04F79EFBC}") = "Busojaras", "Busojaras\Busojaras.csproj", "{3860DD7E-1A8F-466D-BB02-A661E034BDB5}"
EndProject
Global
	GlobalSection(SolutionConfigurationPlatforms) = preSolution
		Debug|Any CPU = Debug|Any CPU
		Release|Any CPU = Release|Any CPU
	EndGlobalSection
	GlobalSection(ProjectConfigurationPlatforms) = postSolution
		{3860DD7E-1A8F-466D-BB02-A661E034BDB5}.Debug|Any CPU.ActiveCfg = Debug|Any CPU
		{3860DD7E-1A8F-466D-BB02-A661E034BDB5}.Debug|Any CPU.Build.0 = Debug|Any CPU
		{3860DD7E-1A8F-466D-BB02-A661E034BDB5}.Release|Any CPU.ActiveCfg = Release|Any CPU
		{3860DD7E-1A8F-466D-BB02-A661E034BDB5}.Release|Any CPU.Build.0 = Release|Any CPU
	EndGlobalSection
EndGlobal
