
Microsoft Visual Studio Solution File, Format Version 12.00
# Visual Studio Version 17
VisualStudioVersion = 17.9.34622.214
MinimumVisualStudioVersion = 10.0.40219.1
Project("{FAE04EC0-301F-11D3-BF4B-00C04F79EFBC}") = "Orszagok_NZ", "Orszagok_NZ\Orszagok_NZ.csproj", "{62DD0A4A-42D4-43AE-83E8-FFBD06BDE14F}"
EndProject
Project("{FAE04EC0-301F-11D3-BF4B-00C04F79EFBC}") = "Oszagok_Lib", "Oszagok_Lib\Oszagok_Lib.csproj", "{E54DC11B-0345-4DC5-A69B-8B93482DBD14}"
EndProject
Global
	GlobalSection(SolutionConfigurationPlatforms) = preSolution
		Debug|Any CPU = Debug|Any CPU
		Release|Any CPU = Release|Any CPU
	EndGlobalSection
	GlobalSection(ProjectConfigurationPlatforms) = postSolution
		{62DD0A4A-42D4-43AE-83E8-FFBD06BDE14F}.Debug|Any CPU.ActiveCfg = Debug|Any CPU
		{62DD0A4A-42D4-43AE-83E8-FFBD06BDE14F}.Debug|Any CPU.Build.0 = Debug|Any CPU
		{62DD0A4A-42D4-43AE-83E8-FFBD06BDE14F}.Release|Any CPU.ActiveCfg = Release|Any CPU
		{62DD0A4A-42D4-43AE-83E8-FFBD06BDE14F}.Release|Any CPU.Build.0 = Release|Any CPU
		{E54DC11B-0345-4DC5-A69B-8B93482DBD14}.Debug|Any CPU.ActiveCfg = Debug|Any CPU
		{E54DC11B-0345-4DC5-A69B-8B93482DBD14}.Debug|Any CPU.Build.0 = Debug|Any CPU
		{E54DC11B-0345-4DC5-A69B-8B93482DBD14}.Release|Any CPU.ActiveCfg = Release|Any CPU
		{E54DC11B-0345-4DC5-A69B-8B93482DBD14}.Release|Any CPU.Build.0 = Release|Any CPU
	EndGlobalSection
	GlobalSection(SolutionProperties) = preSolution
		HideSolutionNode = FALSE
	EndGlobalSection
	GlobalSection(ExtensibilityGlobals) = postSolution
		SolutionGuid = {90695D40-C794-4E5D-AD02-885A8B3A1124}
	EndGlobalSection
EndGlobal
