
Microsoft Visual Studio Solution File, Format Version 12.00
Project("{FAE04EC0-301F-11D3-BF4B-00C04F79EFBC}") = "VB2018", "VB2018\VB2018.csproj", "{19863E67-3C9B-4E0A-AF39-D571FDD674D5}"
	ProjectSection(ProjectDependencies) = postProject
		{BFE4A4C4-00CF-4DF4-B0FD-501221B5C10B} = {BFE4A4C4-00CF-4DF4-B0FD-501221B5C10B}
	EndProjectSection
EndProject
Project("{FAE04EC0-301F-11D3-BF4B-00C04F79EFBC}") = "VB_Lib", "VB_Lib\VB_Lib.csproj", "{BFE4A4C4-00CF-4DF4-B0FD-501221B5C10B}"
EndProject
Global
	GlobalSection(SolutionConfigurationPlatforms) = preSolution
		Debug|Any CPU = Debug|Any CPU
		Release|Any CPU = Release|Any CPU
	EndGlobalSection
	GlobalSection(ProjectConfigurationPlatforms) = postSolution
		{19863E67-3C9B-4E0A-AF39-D571FDD674D5}.Debug|Any CPU.ActiveCfg = Debug|Any CPU
		{19863E67-3C9B-4E0A-AF39-D571FDD674D5}.Debug|Any CPU.Build.0 = Debug|Any CPU
		{19863E67-3C9B-4E0A-AF39-D571FDD674D5}.Release|Any CPU.ActiveCfg = Release|Any CPU
		{19863E67-3C9B-4E0A-AF39-D571FDD674D5}.Release|Any CPU.Build.0 = Release|Any CPU
		{BFE4A4C4-00CF-4DF4-B0FD-501221B5C10B}.Debug|Any CPU.ActiveCfg = Debug|Any CPU
		{BFE4A4C4-00CF-4DF4-B0FD-501221B5C10B}.Debug|Any CPU.Build.0 = Debug|Any CPU
		{BFE4A4C4-00CF-4DF4-B0FD-501221B5C10B}.Release|Any CPU.ActiveCfg = Release|Any CPU
		{BFE4A4C4-00CF-4DF4-B0FD-501221B5C10B}.Release|Any CPU.Build.0 = Release|Any CPU
	EndGlobalSection
EndGlobal
